
Microsoft Visual Studio Solution File, Format Version 12.00
# Visual Studio Version 17
VisualStudioVersion = 17.8.34525.116
MinimumVisualStudioVersion = 10.0.40219.1
Project("{9A19103F-16F7-4668-BE54-9A1E7A4F7556}") = "Draftor", "Draftor.csproj", "{8EF569DE-943B-490E-9B24-04659D652D26}"
EndProject
Project("{9A19103F-16F7-4668-BE54-9A1E7A4F7556}") = "Draftor.Core", "..\Draftor.Application\Draftor.Core.csproj", "{C300B680-8AC9-4951-82CE-B70B04FD1660}"
EndProject
Project("{9A19103F-16F7-4668-BE54-9A1E7A4F7556}") = "Draftor.Domain", "..\Draftor.Domain\Draftor.Domain.csproj", "{00FDB65F-59ED-4D01-97E7-4B33C6F00475}"
EndProject
Project("{9A19103F-16F7-4668-BE54-9A1E7A4F7556}") = "Draftor.Infrastructure", "..\Draftor.Infrastructure\Draftor.Infrastructure.csproj", "{22C9D402-16B6-4A2E-B8C5-3460D432D132}"
EndProject
Global
	GlobalSection(SolutionConfigurationPlatforms) = preSolution
		Debug|Any CPU = Debug|Any CPU
		Release|Any CPU = Release|Any CPU
	EndGlobalSection
	GlobalSection(ProjectConfigurationPlatforms) = postSolution
		{8EF569DE-943B-490E-9B24-04659D652D26}.Debug|Any CPU.ActiveCfg = Debug|Any CPU
		{8EF569DE-943B-490E-9B24-04659D652D26}.Debug|Any CPU.Build.0 = Debug|Any CPU
		{8EF569DE-943B-490E-9B24-04659D652D26}.Debug|Any CPU.Deploy.0 = Debug|Any CPU
		{8EF569DE-943B-490E-9B24-04659D652D26}.Release|Any CPU.ActiveCfg = Release|Any CPU
		{8EF569DE-943B-490E-9B24-04659D652D26}.Release|Any CPU.Build.0 = Release|Any CPU
		{8EF569DE-943B-490E-9B24-04659D652D26}.Release|Any CPU.Deploy.0 = Release|Any CPU
		{C300B680-8AC9-4951-82CE-B70B04FD1660}.Debug|Any CPU.ActiveCfg = Debug|Any CPU
		{C300B680-8AC9-4951-82CE-B70B04FD1660}.Debug|Any CPU.Build.0 = Debug|Any CPU
		{C300B680-8AC9-4951-82CE-B70B04FD1660}.Release|Any CPU.ActiveCfg = Release|Any CPU
		{C300B680-8AC9-4951-82CE-B70B04FD1660}.Release|Any CPU.Build.0 = Release|Any CPU
		{00FDB65F-59ED-4D01-97E7-4B33C6F00475}.Debug|Any CPU.ActiveCfg = Debug|Any CPU
		{00FDB65F-59ED-4D01-97E7-4B33C6F00475}.Debug|Any CPU.Build.0 = Debug|Any CPU
		{00FDB65F-59ED-4D01-97E7-4B33C6F00475}.Release|Any CPU.ActiveCfg = Release|Any CPU
		{00FDB65F-59ED-4D01-97E7-4B33C6F00475}.Release|Any CPU.Build.0 = Release|Any CPU
		{22C9D402-16B6-4A2E-B8C5-3460D432D132}.Debug|Any CPU.ActiveCfg = Debug|Any CPU
		{22C9D402-16B6-4A2E-B8C5-3460D432D132}.Debug|Any CPU.Build.0 = Debug|Any CPU
		{22C9D402-16B6-4A2E-B8C5-3460D432D132}.Release|Any CPU.ActiveCfg = Release|Any CPU
		{22C9D402-16B6-4A2E-B8C5-3460D432D132}.Release|Any CPU.Build.0 = Release|Any CPU
	EndGlobalSection
	GlobalSection(SolutionProperties) = preSolution
		HideSolutionNode = FALSE
	EndGlobalSection
	GlobalSection(ExtensibilityGlobals) = postSolution
		SolutionGuid = {CD4F86CC-5601-46EF-97A1-6D831BB408CB}
	EndGlobalSection
EndGlobal
