
Microsoft Visual Studio Solution File, Format Version 12.00
# Visual Studio Version 17
VisualStudioVersion = 17.8.34525.116
MinimumVisualStudioVersion = 10.0.40219.1
Project("{9A19103F-16F7-4668-BE54-9A1E7A4F7556}") = "Draftor", "..\Draftor\Draftor\Draftor.csproj", "{E4E60C54-881C-429F-80D0-0B72689B5EA6}"
EndProject
Project("{9A19103F-16F7-4668-BE54-9A1E7A4F7556}") = "Draftor.Core", "..\Draftor\Draftor.Application\Draftor.Core.csproj", "{B863DCB7-8D2E-4C25-B58A-E9B3C67D7FF6}"
EndProject
Project("{9A19103F-16F7-4668-BE54-9A1E7A4F7556}") = "Draftor.Domain", "..\Draftor\Draftor.Domain\Draftor.Domain.csproj", "{A1B46A30-69F2-4867-B523-0E42E3AC2DD4}"
EndProject
Project("{9A19103F-16F7-4668-BE54-9A1E7A4F7556}") = "Draftor.Infrastructure", "..\Draftor\Draftor.Infrastructure\Draftor.Infrastructure.csproj", "{E35815D5-5CB5-4F62-9BC9-416205045A57}"
EndProject
Global
	GlobalSection(SolutionConfigurationPlatforms) = preSolution
		Debug|Any CPU = Debug|Any CPU
		Release|Any CPU = Release|Any CPU
	EndGlobalSection
	GlobalSection(ProjectConfigurationPlatforms) = postSolution
		{E4E60C54-881C-429F-80D0-0B72689B5EA6}.Debug|Any CPU.ActiveCfg = Debug|Any CPU
		{E4E60C54-881C-429F-80D0-0B72689B5EA6}.Debug|Any CPU.Build.0 = Debug|Any CPU
		{E4E60C54-881C-429F-80D0-0B72689B5EA6}.Debug|Any CPU.Deploy.0 = Debug|Any CPU
		{E4E60C54-881C-429F-80D0-0B72689B5EA6}.Release|Any CPU.ActiveCfg = Release|Any CPU
		{E4E60C54-881C-429F-80D0-0B72689B5EA6}.Release|Any CPU.Build.0 = Release|Any CPU
		{E4E60C54-881C-429F-80D0-0B72689B5EA6}.Release|Any CPU.Deploy.0 = Release|Any CPU
		{B863DCB7-8D2E-4C25-B58A-E9B3C67D7FF6}.Debug|Any CPU.ActiveCfg = Debug|Any CPU
		{B863DCB7-8D2E-4C25-B58A-E9B3C67D7FF6}.Debug|Any CPU.Build.0 = Debug|Any CPU
		{B863DCB7-8D2E-4C25-B58A-E9B3C67D7FF6}.Release|Any CPU.ActiveCfg = Release|Any CPU
		{B863DCB7-8D2E-4C25-B58A-E9B3C67D7FF6}.Release|Any CPU.Build.0 = Release|Any CPU
		{A1B46A30-69F2-4867-B523-0E42E3AC2DD4}.Debug|Any CPU.ActiveCfg = Debug|Any CPU
		{A1B46A30-69F2-4867-B523-0E42E3AC2DD4}.Debug|Any CPU.Build.0 = Debug|Any CPU
		{A1B46A30-69F2-4867-B523-0E42E3AC2DD4}.Release|Any CPU.ActiveCfg = Release|Any CPU
		{A1B46A30-69F2-4867-B523-0E42E3AC2DD4}.Release|Any CPU.Build.0 = Release|Any CPU
		{E35815D5-5CB5-4F62-9BC9-416205045A57}.Debug|Any CPU.ActiveCfg = Debug|Any CPU
		{E35815D5-5CB5-4F62-9BC9-416205045A57}.Debug|Any CPU.Build.0 = Debug|Any CPU
		{E35815D5-5CB5-4F62-9BC9-416205045A57}.Release|Any CPU.ActiveCfg = Release|Any CPU
		{E35815D5-5CB5-4F62-9BC9-416205045A57}.Release|Any CPU.Build.0 = Release|Any CPU
	EndGlobalSection
	GlobalSection(SolutionProperties) = preSolution
		HideSolutionNode = FALSE
	EndGlobalSection
	GlobalSection(ExtensibilityGlobals) = postSolution
		SolutionGuid = {CD4F86CC-5601-46EF-97A1-6D831BB408CB}
	EndGlobalSection
EndGlobal
